
Microsoft Visual Studio Solution File, Format Version 12.00
# Visual Studio Version 17
VisualStudioVersion = 17.3.32901.215
MinimumVisualStudioVersion = 10.0.40219.1
Project("{FAE04EC0-301F-11D3-BF4B-00C04F79EFBC}") = "HeartsGameDesign", "HeartsGameDesign.csproj", "{47654515-CB24-43AE-8F5A-7D1C3F357AF4}"
EndProject
Global
	GlobalSection(SolutionConfigurationPlatforms) = preSolution
		Debug|Any CPU = Debug|Any CPU
		Release|Any CPU = Release|Any CPU
	EndGlobalSection
	GlobalSection(ProjectConfigurationPlatforms) = postSolution
		{47654515-CB24-43AE-8F5A-7D1C3F357AF4}.Debug|Any CPU.ActiveCfg = Debug|Any CPU
		{47654515-CB24-43AE-8F5A-7D1C3F357AF4}.Debug|Any CPU.Build.0 = Debug|Any CPU
		{47654515-CB24-43AE-8F5A-7D1C3F357AF4}.Release|Any CPU.ActiveCfg = Release|Any CPU
		{47654515-CB24-43AE-8F5A-7D1C3F357AF4}.Release|Any CPU.Build.0 = Release|Any CPU
	EndGlobalSection
	GlobalSection(SolutionProperties) = preSolution
		HideSolutionNode = FALSE
	EndGlobalSection
	GlobalSection(ExtensibilityGlobals) = postSolution
		SolutionGuid = {F934EFA7-2068-4928-97B7-CAB2E48B1032}
	EndGlobalSection
EndGlobal
